
Microsoft Visual Studio Solution File, Format Version 12.00
# Visual Studio Version 16
VisualStudioVersion = 16.0.30413.136
MinimumVisualStudioVersion = 10.0.40219.1
Project("{FAE04EC0-301F-11D3-BF4B-00C04F79EFBC}") = "TeamPowered", "TeamPowered\TeamPowered.csproj", "{792E82B7-8262-4320-85AE-E6E71FBDAAFC}"
EndProject
Global
	GlobalSection(SolutionConfigurationPlatforms) = preSolution
		Debug|Any CPU = Debug|Any CPU
		Release|Any CPU = Release|Any CPU
	EndGlobalSection
	GlobalSection(ProjectConfigurationPlatforms) = postSolution
		{792E82B7-8262-4320-85AE-E6E71FBDAAFC}.Debug|Any CPU.ActiveCfg = Debug|Any CPU
		{792E82B7-8262-4320-85AE-E6E71FBDAAFC}.Debug|Any CPU.Build.0 = Debug|Any CPU
		{792E82B7-8262-4320-85AE-E6E71FBDAAFC}.Release|Any CPU.ActiveCfg = Release|Any CPU
		{792E82B7-8262-4320-85AE-E6E71FBDAAFC}.Release|Any CPU.Build.0 = Release|Any CPU
	EndGlobalSection
	GlobalSection(SolutionProperties) = preSolution
		HideSolutionNode = FALSE
	EndGlobalSection
	GlobalSection(ExtensibilityGlobals) = postSolution
		SolutionGuid = {7E2837B7-358B-4BF3-82F2-FF809074C558}
	EndGlobalSection
EndGlobal
